
Microsoft Visual Studio Solution File, Format Version 12.00
# Visual Studio Version 17
VisualStudioVersion = 17.4.33103.184
MinimumVisualStudioVersion = 10.0.40219.1
Project("{FAE04EC0-301F-11D3-BF4B-00C04F79EFBC}") = "consumeapi_fetch", "consumeapi_fetch\consumeapi_fetch.csproj", "{CAF8808B-15C7-4003-A15C-FBB5D09254AE}"
EndProject
Global
	GlobalSection(SolutionConfigurationPlatforms) = preSolution
		Debug|Any CPU = Debug|Any CPU
		Release|Any CPU = Release|Any CPU
	EndGlobalSection
	GlobalSection(ProjectConfigurationPlatforms) = postSolution
		{CAF8808B-15C7-4003-A15C-FBB5D09254AE}.Debug|Any CPU.ActiveCfg = Debug|Any CPU
		{CAF8808B-15C7-4003-A15C-FBB5D09254AE}.Debug|Any CPU.Build.0 = Debug|Any CPU
		{CAF8808B-15C7-4003-A15C-FBB5D09254AE}.Release|Any CPU.ActiveCfg = Release|Any CPU
		{CAF8808B-15C7-4003-A15C-FBB5D09254AE}.Release|Any CPU.Build.0 = Release|Any CPU
	EndGlobalSection
	GlobalSection(SolutionProperties) = preSolution
		HideSolutionNode = FALSE
	EndGlobalSection
	GlobalSection(ExtensibilityGlobals) = postSolution
		SolutionGuid = {629471D7-A304-48FE-9F60-2BE617A74080}
	EndGlobalSection
EndGlobal
